
Microsoft Visual Studio Solution File, Format Version 12.00
# Visual Studio Version 17
VisualStudioVersion = 17.6.33815.320
MinimumVisualStudioVersion = 10.0.40219.1
Project("{888888A0-9F3D-457C-B088-3A5042F75D52}") = "hand tracker", "hand tracker.pyproj", "{498363E5-9BCF-42AC-84B3-964A6F372093}"
EndProject
Global
	GlobalSection(SolutionConfigurationPlatforms) = preSolution
		Debug|Any CPU = Debug|Any CPU
		Release|Any CPU = Release|Any CPU
	EndGlobalSection
	GlobalSection(ProjectConfigurationPlatforms) = postSolution
		{498363E5-9BCF-42AC-84B3-964A6F372093}.Debug|Any CPU.ActiveCfg = Debug|Any CPU
		{498363E5-9BCF-42AC-84B3-964A6F372093}.Release|Any CPU.ActiveCfg = Release|Any CPU
	EndGlobalSection
	GlobalSection(SolutionProperties) = preSolution
		HideSolutionNode = FALSE
	EndGlobalSection
	GlobalSection(ExtensibilityGlobals) = postSolution
		SolutionGuid = {60EDBB9C-1803-465E-832C-208DE662DF6E}
	EndGlobalSection
EndGlobal
